
Microsoft Visual Studio Solution File, Format Version 12.00
# Visual Studio 15
VisualStudioVersion = 15.0.27130.2036
MinimumVisualStudioVersion = 10.0.40219.1
Project("{FAE04EC0-301F-11D3-BF4B-00C04F79EFBC}") = "SuniAtteMVCKotiTehtävä", "SuniAtteMVCKotiTehtävä\SuniAtteMVCKotiTehtävä.csproj", "{431AA104-66C2-4C14-8809-7E348B4DCB26}"
EndProject
Global
	GlobalSection(SolutionConfigurationPlatforms) = preSolution
		Debug|Any CPU = Debug|Any CPU
		Release|Any CPU = Release|Any CPU
	EndGlobalSection
	GlobalSection(ProjectConfigurationPlatforms) = postSolution
		{431AA104-66C2-4C14-8809-7E348B4DCB26}.Debug|Any CPU.ActiveCfg = Debug|Any CPU
		{431AA104-66C2-4C14-8809-7E348B4DCB26}.Debug|Any CPU.Build.0 = Debug|Any CPU
		{431AA104-66C2-4C14-8809-7E348B4DCB26}.Release|Any CPU.ActiveCfg = Release|Any CPU
		{431AA104-66C2-4C14-8809-7E348B4DCB26}.Release|Any CPU.Build.0 = Release|Any CPU
	EndGlobalSection
	GlobalSection(SolutionProperties) = preSolution
		HideSolutionNode = FALSE
	EndGlobalSection
	GlobalSection(ExtensibilityGlobals) = postSolution
		SolutionGuid = {BB533053-672F-4CEE-B6E8-191DD2A38EAC}
	EndGlobalSection
EndGlobal
